
Microsoft Visual Studio Solution File, Format Version 12.00
# Visual Studio Version 17
VisualStudioVersion = 17.4.33205.214
MinimumVisualStudioVersion = 10.0.40219.1
Project("{9A19103F-16F7-4668-BE54-9A1E7A4F7556}") = "CronusDb", "CronusDb\CronusDb.csproj", "{85F622E2-6852-4913-8920-4F12D6CDF9E2}"
EndProject
Project("{9A19103F-16F7-4668-BE54-9A1E7A4F7556}") = "CronusDbTests", "CronusDbTests\CronusDbTests.csproj", "{8FC86CBF-3246-4FE1-8C01-D9EB566ABE95}"
EndProject
Project("{9A19103F-16F7-4668-BE54-9A1E7A4F7556}") = "CronusDb.ManualTests", "CronusDb.ManualTests\CronusDb.ManualTests.csproj", "{7BCC95D6-BE27-429E-A8D8-19B3EC3A3315}"
EndProject
Project("{2150E333-8FDC-42A3-9474-1A3956D46DE8}") = "Solution Items", "Solution Items", "{1DF9576E-4EBD-432F-B73C-4D7FDD7B8A79}"
	ProjectSection(SolutionItems) = preProject
		.editorconfig = .editorconfig
	EndProjectSection
EndProject
Global
	GlobalSection(SolutionConfigurationPlatforms) = preSolution
		Debug|Any CPU = Debug|Any CPU
		Release|Any CPU = Release|Any CPU
	EndGlobalSection
	GlobalSection(ProjectConfigurationPlatforms) = postSolution
		{85F622E2-6852-4913-8920-4F12D6CDF9E2}.Debug|Any CPU.ActiveCfg = Debug|Any CPU
		{85F622E2-6852-4913-8920-4F12D6CDF9E2}.Debug|Any CPU.Build.0 = Debug|Any CPU
		{85F622E2-6852-4913-8920-4F12D6CDF9E2}.Release|Any CPU.ActiveCfg = Release|Any CPU
		{85F622E2-6852-4913-8920-4F12D6CDF9E2}.Release|Any CPU.Build.0 = Release|Any CPU
		{8FC86CBF-3246-4FE1-8C01-D9EB566ABE95}.Debug|Any CPU.ActiveCfg = Debug|Any CPU
		{8FC86CBF-3246-4FE1-8C01-D9EB566ABE95}.Debug|Any CPU.Build.0 = Debug|Any CPU
		{8FC86CBF-3246-4FE1-8C01-D9EB566ABE95}.Release|Any CPU.ActiveCfg = Release|Any CPU
		{8FC86CBF-3246-4FE1-8C01-D9EB566ABE95}.Release|Any CPU.Build.0 = Release|Any CPU
		{7BCC95D6-BE27-429E-A8D8-19B3EC3A3315}.Debug|Any CPU.ActiveCfg = Debug|Any CPU
		{7BCC95D6-BE27-429E-A8D8-19B3EC3A3315}.Debug|Any CPU.Build.0 = Debug|Any CPU
		{7BCC95D6-BE27-429E-A8D8-19B3EC3A3315}.Release|Any CPU.ActiveCfg = Release|Any CPU
		{7BCC95D6-BE27-429E-A8D8-19B3EC3A3315}.Release|Any CPU.Build.0 = Release|Any CPU
	EndGlobalSection
	GlobalSection(SolutionProperties) = preSolution
		HideSolutionNode = FALSE
	EndGlobalSection
	GlobalSection(ExtensibilityGlobals) = postSolution
		SolutionGuid = {CA2B3CEB-FF77-4B40-8BBB-5B4831B73349}
	EndGlobalSection
EndGlobal
